
Microsoft Visual Studio Solution File, Format Version 12.00
# Visual Studio Version 16
VisualStudioVersion = 16.0.34301.259
MinimumVisualStudioVersion = 10.0.40219.1
Project("{8BC9CEB8-8B4A-11D0-8D11-00A0C91BC942}") = "code 5", "code 5\code 5.vcxproj", "{3DB77502-9B79-4FCF-9716-8070E21A13B3}"
EndProject
Global
	GlobalSection(SolutionConfigurationPlatforms) = preSolution
		Debug|x64 = Debug|x64
		Debug|x86 = Debug|x86
		Release|x64 = Release|x64
		Release|x86 = Release|x86
	EndGlobalSection
	GlobalSection(ProjectConfigurationPlatforms) = postSolution
		{3DB77502-9B79-4FCF-9716-8070E21A13B3}.Debug|x64.ActiveCfg = Debug|x64
		{3DB77502-9B79-4FCF-9716-8070E21A13B3}.Debug|x64.Build.0 = Debug|x64
		{3DB77502-9B79-4FCF-9716-8070E21A13B3}.Debug|x86.ActiveCfg = Debug|Win32
		{3DB77502-9B79-4FCF-9716-8070E21A13B3}.Debug|x86.Build.0 = Debug|Win32
		{3DB77502-9B79-4FCF-9716-8070E21A13B3}.Release|x64.ActiveCfg = Release|x64
		{3DB77502-9B79-4FCF-9716-8070E21A13B3}.Release|x64.Build.0 = Release|x64
		{3DB77502-9B79-4FCF-9716-8070E21A13B3}.Release|x86.ActiveCfg = Release|Win32
		{3DB77502-9B79-4FCF-9716-8070E21A13B3}.Release|x86.Build.0 = Release|Win32
	EndGlobalSection
	GlobalSection(SolutionProperties) = preSolution
		HideSolutionNode = FALSE
	EndGlobalSection
	GlobalSection(ExtensibilityGlobals) = postSolution
		SolutionGuid = {7F9D2A83-8350-4BC3-B3C2-F76AB6C6FAE8}
	EndGlobalSection
EndGlobal
